
Microsoft Visual Studio Solution File, Format Version 12.00
# Visual Studio Version 16
VisualStudioVersion = 16.0.31624.102
MinimumVisualStudioVersion = 10.0.40219.1
Project("{8BC9CEB8-8B4A-11D0-8D11-00A0C91BC942}") = "Project29", "Project29.vcxproj", "{B04B0B64-5FD6-450E-8C62-D069CAF0DCBD}"
EndProject
Global
	GlobalSection(SolutionConfigurationPlatforms) = preSolution
		Debug|x64 = Debug|x64
		Debug|x86 = Debug|x86
		Release|x64 = Release|x64
		Release|x86 = Release|x86
	EndGlobalSection
	GlobalSection(ProjectConfigurationPlatforms) = postSolution
		{B04B0B64-5FD6-450E-8C62-D069CAF0DCBD}.Debug|x64.ActiveCfg = Debug|x64
		{B04B0B64-5FD6-450E-8C62-D069CAF0DCBD}.Debug|x64.Build.0 = Debug|x64
		{B04B0B64-5FD6-450E-8C62-D069CAF0DCBD}.Debug|x86.ActiveCfg = Debug|Win32
		{B04B0B64-5FD6-450E-8C62-D069CAF0DCBD}.Debug|x86.Build.0 = Debug|Win32
		{B04B0B64-5FD6-450E-8C62-D069CAF0DCBD}.Release|x64.ActiveCfg = Release|x64
		{B04B0B64-5FD6-450E-8C62-D069CAF0DCBD}.Release|x64.Build.0 = Release|x64
		{B04B0B64-5FD6-450E-8C62-D069CAF0DCBD}.Release|x86.ActiveCfg = Release|Win32
		{B04B0B64-5FD6-450E-8C62-D069CAF0DCBD}.Release|x86.Build.0 = Release|Win32
	EndGlobalSection
	GlobalSection(SolutionProperties) = preSolution
		HideSolutionNode = FALSE
	EndGlobalSection
	GlobalSection(ExtensibilityGlobals) = postSolution
		SolutionGuid = {9E32B0BC-1B62-468D-AC72-3A24EC292757}
	EndGlobalSection
EndGlobal
